
Microsoft Visual Studio Solution File, Format Version 12.00
# Visual Studio Version 16
VisualStudioVersion = 16.0.29709.97
MinimumVisualStudioVersion = 10.0.40219.1
Project("{FAE04EC0-301F-11D3-BF4B-00C04F79EFBC}") = "BlazorApp6Tarefa", "BlazorApp6Tarefa\BlazorApp6Tarefa.csproj", "{2EFD7889-DF6C-45BD-A898-54EB2A676908}"
EndProject
Global
	GlobalSection(SolutionConfigurationPlatforms) = preSolution
		Debug|Any CPU = Debug|Any CPU
		Release|Any CPU = Release|Any CPU
	EndGlobalSection
	GlobalSection(ProjectConfigurationPlatforms) = postSolution
		{2EFD7889-DF6C-45BD-A898-54EB2A676908}.Debug|Any CPU.ActiveCfg = Debug|Any CPU
		{2EFD7889-DF6C-45BD-A898-54EB2A676908}.Debug|Any CPU.Build.0 = Debug|Any CPU
		{2EFD7889-DF6C-45BD-A898-54EB2A676908}.Release|Any CPU.ActiveCfg = Release|Any CPU
		{2EFD7889-DF6C-45BD-A898-54EB2A676908}.Release|Any CPU.Build.0 = Release|Any CPU
	EndGlobalSection
	GlobalSection(SolutionProperties) = preSolution
		HideSolutionNode = FALSE
	EndGlobalSection
	GlobalSection(ExtensibilityGlobals) = postSolution
		SolutionGuid = {9F9BC67C-7976-4483-BB43-E00CE35A581C}
	EndGlobalSection
EndGlobal
